
Microsoft Visual Studio Solution File, Format Version 12.00
# Visual Studio Version 17
VisualStudioVersion = 17.8.34330.188
MinimumVisualStudioVersion = 10.0.40219.1
Project("{FAE04EC0-301F-11D3-BF4B-00C04F79EFBC}") = "Battle Game", "Battle Game\Battle Game.csproj", "{852E99F8-8D51-4C4A-893B-A6689BE8CCCC}"
EndProject
Global
	GlobalSection(SolutionConfigurationPlatforms) = preSolution
		Debug|Any CPU = Debug|Any CPU
		Release|Any CPU = Release|Any CPU
	EndGlobalSection
	GlobalSection(ProjectConfigurationPlatforms) = postSolution
		{852E99F8-8D51-4C4A-893B-A6689BE8CCCC}.Debug|Any CPU.ActiveCfg = Debug|Any CPU
		{852E99F8-8D51-4C4A-893B-A6689BE8CCCC}.Debug|Any CPU.Build.0 = Debug|Any CPU
		{852E99F8-8D51-4C4A-893B-A6689BE8CCCC}.Release|Any CPU.ActiveCfg = Release|Any CPU
		{852E99F8-8D51-4C4A-893B-A6689BE8CCCC}.Release|Any CPU.Build.0 = Release|Any CPU
	EndGlobalSection
	GlobalSection(SolutionProperties) = preSolution
		HideSolutionNode = FALSE
	EndGlobalSection
	GlobalSection(ExtensibilityGlobals) = postSolution
		SolutionGuid = {CDA984D5-47CC-4BA6-975B-EB4F3256D3A9}
	EndGlobalSection
EndGlobal
